// !$*UTF8*$!
{
	archiveVersion = 1;
	classes = {
	};
	objectVersion = 46;
	objects = {

/* Begin PBXBuildFile section */
		42D7E022D236216F49393F19 /* Pods_ideaHub.framework in Frameworks */ = {isa = PBXBuildFile; fileRef = 03C287966D07F3678E62AC2E /* Pods_ideaHub.framework */; };
		6D16DDE0AD8F5BF40ACDD659 /* Pods_ideaHubTests.framework in Frameworks */ = {isa = PBXBuildFile; fileRef = 16061D0D88226A0CCAF4180B /* Pods_ideaHubTests.framework */; };
		CE34E2C61E8100FE00F4C774 /* Idea.swift in Sources */ = {isa = PBXBuildFile; fileRef = CE34E2C51E8100FE00F4C774 /* Idea.swift */; };
		CE7299631EAAF8640035BAFF /* UserViewController.swift in Sources */ = {isa = PBXBuildFile; fileRef = CE7299621EAAF8640035BAFF /* UserViewController.swift */; };
		CE910EC21E9D42BE00137177 /* GoogleService-Info.plist in Resources */ = {isa = PBXBuildFile; fileRef = CE910EC11E9D42BE00137177 /* GoogleService-Info.plist */; };
		CE95880A1E62ECD60044EBB1 /* AppDelegate.swift in Sources */ = {isa = PBXBuildFile; fileRef = CE9588091E62ECD60044EBB1 /* AppDelegate.swift */; };
		CE9588111E62ECD60044EBB1 /* Main.storyboard in Resources */ = {isa = PBXBuildFile; fileRef = CE95880F1E62ECD60044EBB1 /* Main.storyboard */; };
		CE9588131E62ECD60044EBB1 /* Assets.xcassets in Resources */ = {isa = PBXBuildFile; fileRef = CE9588121E62ECD60044EBB1 /* Assets.xcassets */; };
		CE9588161E62ECD60044EBB1 /* LaunchScreen.storyboard in Resources */ = {isa = PBXBuildFile; fileRef = CE9588141E62ECD60044EBB1 /* LaunchScreen.storyboard */; };
		CE9588211E62ECD70044EBB1 /* ideaHubTests.swift in Sources */ = {isa = PBXBuildFile; fileRef = CE9588201E62ECD70044EBB1 /* ideaHubTests.swift */; };
		CED1487C1E810D2100225948 /* IdeaCell.swift in Sources */ = {isa = PBXBuildFile; fileRef = CED1487B1E810D2100225948 /* IdeaCell.swift */; };
		CED148801E810FE400225948 /* HomeViewController.swift in Sources */ = {isa = PBXBuildFile; fileRef = CED1487F1E810FE400225948 /* HomeViewController.swift */; };
		CEF17E751E9D36C500941A0F /* LoginViewController.swift in Sources */ = {isa = PBXBuildFile; fileRef = CEF17E741E9D36C500941A0F /* LoginViewController.swift */; };
/* End PBXBuildFile section */

/* Begin PBXContainerItemProxy section */
		CE95881D1E62ECD70044EBB1 /* PBXContainerItemProxy */ = {
			isa = PBXContainerItemProxy;
			containerPortal = CE9587FE1E62ECD60044EBB1 /* Project object */;
			proxyType = 1;
			remoteGlobalIDString = CE9588051E62ECD60044EBB1;
			remoteInfo = ideaHub;
		};
/* End PBXContainerItemProxy section */

/* Begin PBXFileReference section */
		03C287966D07F3678E62AC2E /* Pods_ideaHub.framework */ = {isa = PBXFileReference; explicitFileType = wrapper.framework; includeInIndex = 0; path = Pods_ideaHub.framework; sourceTree = BUILT_PRODUCTS_DIR; };
		04F73A0EB1BE5A1873B5544D /* Pods-ideaHub.debug.xcconfig */ = {isa = PBXFileReference; includeInIndex = 1; lastKnownFileType = text.xcconfig; name = "Pods-ideaHub.debug.xcconfig"; path = "Pods/Target Support Files/Pods-ideaHub/Pods-ideaHub.debug.xcconfig"; sourceTree = "<group>"; };
		16061D0D88226A0CCAF4180B /* Pods_ideaHubTests.framework */ = {isa = PBXFileReference; explicitFileType = wrapper.framework; includeInIndex = 0; path = Pods_ideaHubTests.framework; sourceTree = BUILT_PRODUCTS_DIR; };
		31E1677DE3E0521645B060F7 /* Pods-ideaHubTests.debug.xcconfig */ = {isa = PBXFileReference; includeInIndex = 1; lastKnownFileType = text.xcconfig; name = "Pods-ideaHubTests.debug.xcconfig"; path = "Pods/Target Support Files/Pods-ideaHubTests/Pods-ideaHubTests.debug.xcconfig"; sourceTree = "<group>"; };
		B5AC3F9699E5B44B3EA60898 /* Pods-ideaHubTests.release.xcconfig */ = {isa = PBXFileReference; includeInIndex = 1; lastKnownFileType = text.xcconfig; name = "Pods-ideaHubTests.release.xcconfig"; path = "Pods/Target Support Files/Pods-ideaHubTests/Pods-ideaHubTests.release.xcconfig"; sourceTree = "<group>"; };
		CE34E2C51E8100FE00F4C774 /* Idea.swift */ = {isa = PBXFileReference; fileEncoding = 4; lastKnownFileType = sourcecode.swift; path = Idea.swift; sourceTree = "<group>"; };
		CE7299621EAAF8640035BAFF /* UserViewController.swift */ = {isa = PBXFileReference; fileEncoding = 4; lastKnownFileType = sourcecode.swift; path = UserViewController.swift; sourceTree = "<group>"; };
		CE910EC11E9D42BE00137177 /* GoogleService-Info.plist */ = {isa = PBXFileReference; fileEncoding = 4; lastKnownFileType = text.plist.xml; path = "GoogleService-Info.plist"; sourceTree = "<group>"; };
		CE9588061E62ECD60044EBB1 /* ideaHub.app */ = {isa = PBXFileReference; explicitFileType = wrapper.application; includeInIndex = 0; path = ideaHub.app; sourceTree = BUILT_PRODUCTS_DIR; };
		CE9588091E62ECD60044EBB1 /* AppDelegate.swift */ = {isa = PBXFileReference; lastKnownFileType = sourcecode.swift; path = AppDelegate.swift; sourceTree = "<group>"; };
		CE9588101E62ECD60044EBB1 /* Base */ = {isa = PBXFileReference; lastKnownFileType = file.storyboard; name = Base; path = Base.lproj/Main.storyboard; sourceTree = "<group>"; };
		CE9588121E62ECD60044EBB1 /* Assets.xcassets */ = {isa = PBXFileReference; lastKnownFileType = folder.assetcatalog; path = Assets.xcassets; sourceTree = "<group>"; };
		CE9588151E62ECD60044EBB1 /* Base */ = {isa = PBXFileReference; lastKnownFileType = file.storyboard; name = Base; path = Base.lproj/LaunchScreen.storyboard; sourceTree = "<group>"; };
		CE9588171E62ECD60044EBB1 /* Info.plist */ = {isa = PBXFileReference; lastKnownFileType = text.plist.xml; path = Info.plist; sourceTree = "<group>"; };
		CE95881C1E62ECD70044EBB1 /* ideaHubTests.xctest */ = {isa = PBXFileReference; explicitFileType = wrapper.cfbundle; includeInIndex = 0; path = ideaHubTests.xctest; sourceTree = BUILT_PRODUCTS_DIR; };
		CE9588201E62ECD70044EBB1 /* ideaHubTests.swift */ = {isa = PBXFileReference; lastKnownFileType = sourcecode.swift; path = ideaHubTests.swift; sourceTree = "<group>"; };
		CE9588221E62ECD70044EBB1 /* Info.plist */ = {isa = PBXFileReference; lastKnownFileType = text.plist.xml; path = Info.plist; sourceTree = "<group>"; };
		CED1487B1E810D2100225948 /* IdeaCell.swift */ = {isa = PBXFileReference; fileEncoding = 4; lastKnownFileType = sourcecode.swift; path = IdeaCell.swift; sourceTree = "<group>"; };
		CED1487F1E810FE400225948 /* HomeViewController.swift */ = {isa = PBXFileReference; fileEncoding = 4; lastKnownFileType = sourcecode.swift; path = HomeViewController.swift; sourceTree = "<group>"; };
		CEF17E741E9D36C500941A0F /* LoginViewController.swift */ = {isa = PBXFileReference; fileEncoding = 4; lastKnownFileType = sourcecode.swift; name = LoginViewController.swift; path = ../LoginViewController.swift; sourceTree = "<group>"; };
		CFC3E6B38CF49CDFA00D6D52 /* Pods-ideaHub.release.xcconfig */ = {isa = PBXFileReference; includeInIndex = 1; lastKnownFileType = text.xcconfig; name = "Pods-ideaHub.release.xcconfig"; path = "Pods/Target Support Files/Pods-ideaHub/Pods-ideaHub.release.xcconfig"; sourceTree = "<group>"; };
/* End PBXFileReference section */

/* Begin PBXFrameworksBuildPhase section */
		CE9588031E62ECD60044EBB1 /* Frameworks */ = {
			isa = PBXFrameworksBuildPhase;
			buildActionMask = 2147483647;
			files = (
				42D7E022D236216F49393F19 /* Pods_ideaHub.framework in Frameworks */,
			);
			runOnlyForDeploymentPostprocessing = 0;
		};
		CE9588191E62ECD70044EBB1 /* Frameworks */ = {
			isa = PBXFrameworksBuildPhase;
			buildActionMask = 2147483647;
			files = (
				6D16DDE0AD8F5BF40ACDD659 /* Pods_ideaHubTests.framework in Frameworks */,
			);
			runOnlyForDeploymentPostprocessing = 0;
		};
/* End PBXFrameworksBuildPhase section */

/* Begin PBXGroup section */
		07990CC9D4C0AF449C89E084 /* Frameworks */ = {
			isa = PBXGroup;
			children = (
				03C287966D07F3678E62AC2E /* Pods_ideaHub.framework */,
				16061D0D88226A0CCAF4180B /* Pods_ideaHubTests.framework */,
			);
			name = Frameworks;
			sourceTree = "<group>";
		};
		8EC5D460649491C6EA08926B /* Pods */ = {
			isa = PBXGroup;
			children = (
				04F73A0EB1BE5A1873B5544D /* Pods-ideaHub.debug.xcconfig */,
				CFC3E6B38CF49CDFA00D6D52 /* Pods-ideaHub.release.xcconfig */,
				31E1677DE3E0521645B060F7 /* Pods-ideaHubTests.debug.xcconfig */,
				B5AC3F9699E5B44B3EA60898 /* Pods-ideaHubTests.release.xcconfig */,
			);
			name = Pods;
			sourceTree = "<group>";
		};
		CE9587FD1E62ECD60044EBB1 = {
			isa = PBXGroup;
			children = (
				CE9588081E62ECD60044EBB1 /* ideaHub */,
				CE95881F1E62ECD70044EBB1 /* ideaHubTests */,
				CE9588071E62ECD60044EBB1 /* Products */,
				8EC5D460649491C6EA08926B /* Pods */,
				07990CC9D4C0AF449C89E084 /* Frameworks */,
			);
			sourceTree = "<group>";
		};
		CE9588071E62ECD60044EBB1 /* Products */ = {
			isa = PBXGroup;
			children = (
				CE9588061E62ECD60044EBB1 /* ideaHub.app */,
				CE95881C1E62ECD70044EBB1 /* ideaHubTests.xctest */,
			);
			name = Products;
			sourceTree = "<group>";
		};
		CE9588081E62ECD60044EBB1 /* ideaHub */ = {
			isa = PBXGroup;
			children = (
				CEF17E741E9D36C500941A0F /* LoginViewController.swift */,
				CED1487F1E810FE400225948 /* HomeViewController.swift */,
				CE7299621EAAF8640035BAFF /* UserViewController.swift */,
				CE34E2C51E8100FE00F4C774 /* Idea.swift */,
				CED1487B1E810D2100225948 /* IdeaCell.swift */,
				CE9588091E62ECD60044EBB1 /* AppDelegate.swift */,
				CE95880F1E62ECD60044EBB1 /* Main.storyboard */,
				CE9588141E62ECD60044EBB1 /* LaunchScreen.storyboard */,
				CE9588121E62ECD60044EBB1 /* Assets.xcassets */,
				CE9588171E62ECD60044EBB1 /* Info.plist */,
				CE910EC11E9D42BE00137177 /* GoogleService-Info.plist */,
			);
			path = ideaHub;
			sourceTree = "<group>";
		};
		CE95881F1E62ECD70044EBB1 /* ideaHubTests */ = {
			isa = PBXGroup;
			children = (
				CE9588201E62ECD70044EBB1 /* ideaHubTests.swift */,
				CE9588221E62ECD70044EBB1 /* Info.plist */,
			);
			path = ideaHubTests;
			sourceTree = "<group>";
		};
/* End PBXGroup section */

/* Begin PBXNativeTarget section */
		CE9588051E62ECD60044EBB1 /* ideaHub */ = {
			isa = PBXNativeTarget;
			buildConfigurationList = CE9588251E62ECD70044EBB1 /* Build configuration list for PBXNativeTarget "ideaHub" */;
			buildPhases = (
				2910CBE0596AE9E9D05ABF77 /* [CP] Check Pods Manifest.lock */,
				CE9588021E62ECD60044EBB1 /* Sources */,
				CE9588031E62ECD60044EBB1 /* Frameworks */,
				CE9588041E62ECD60044EBB1 /* Resources */,
				B5B9D0D22468B30B319C93B9 /* [CP] Embed Pods Frameworks */,
				A7D84CDE843293A6865944CA /* [CP] Copy Pods Resources */,
			);
			buildRules = (
			);
			dependencies = (
			);
			name = ideaHub;
			productName = ideaHub;
			productReference = CE9588061E62ECD60044EBB1 /* ideaHub.app */;
			productType = "com.apple.product-type.application";
		};
		CE95881B1E62ECD70044EBB1 /* ideaHubTests */ = {
			isa = PBXNativeTarget;
			buildConfigurationList = CE9588281E62ECD70044EBB1 /* Build configuration list for PBXNativeTarget "ideaHubTests" */;
			buildPhases = (
				0A4C2D45890DCEB542B42E0F /* [CP] Check Pods Manifest.lock */,
				CE9588181E62ECD70044EBB1 /* Sources */,
				CE9588191E62ECD70044EBB1 /* Frameworks */,
				CE95881A1E62ECD70044EBB1 /* Resources */,
				59171B40E4943ED0B6604D65 /* [CP] Embed Pods Frameworks */,
				A293AA9AD897688226A5F36D /* [CP] Copy Pods Resources */,
			);
			buildRules = (
			);
			dependencies = (
				CE95881E1E62ECD70044EBB1 /* PBXTargetDependency */,
			);
			name = ideaHubTests;
			productName = ideaHubTests;
			productReference = CE95881C1E62ECD70044EBB1 /* ideaHubTests.xctest */;
			productType = "com.apple.product-type.bundle.unit-test";
		};
/* End PBXNativeTarget section */

/* Begin PBXProject section */
		CE9587FE1E62ECD60044EBB1 /* Project object */ = {
			isa = PBXProject;
			attributes = {
				LastSwiftUpdateCheck = 0820;
				LastUpgradeCheck = 0820;
				ORGANIZATIONNAME = "San Jose State University";
				TargetAttributes = {
					CE9588051E62ECD60044EBB1 = {
						CreatedOnToolsVersion = 8.2.1;
						DevelopmentTeam = 83F39AXN54;
						ProvisioningStyle = Automatic;
					};
					CE95881B1E62ECD70044EBB1 = {
						CreatedOnToolsVersion = 8.2.1;
						DevelopmentTeam = 83F39AXN54;
						ProvisioningStyle = Automatic;
						TestTargetID = CE9588051E62ECD60044EBB1;
					};
				};
			};
			buildConfigurationList = CE9588011E62ECD60044EBB1 /* Build configuration list for PBXProject "ideaHub" */;
			compatibilityVersion = "Xcode 3.2";
			developmentRegion = English;
			hasScannedForEncodings = 0;
			knownRegions = (
				en,
				Base,
			);
			mainGroup = CE9587FD1E62ECD60044EBB1;
			productRefGroup = CE9588071E62ECD60044EBB1 /* Products */;
			projectDirPath = "";
			projectRoot = "";
			targets = (
				CE9588051E62ECD60044EBB1 /* ideaHub */,
				CE95881B1E62ECD70044EBB1 /* ideaHubTests */,
			);
		};
/* End PBXProject section */

/* Begin PBXResourcesBuildPhase section */
		CE9588041E62ECD60044EBB1 /* Resources */ = {
			isa = PBXResourcesBuildPhase;
			buildActionMask = 2147483647;
			files = (
				CE9588161E62ECD60044EBB1 /* LaunchScreen.storyboard in Resources */,
				CE9588131E62ECD60044EBB1 /* Assets.xcassets in Resources */,
				CE910EC21E9D42BE00137177 /* GoogleService-Info.plist in Resources */,
				CE9588111E62ECD60044EBB1 /* Main.storyboard in Resources */,
			);
			runOnlyForDeploymentPostprocessing = 0;
		};
		CE95881A1E62ECD70044EBB1 /* Resources */ = {
			isa = PBXResourcesBuildPhase;
			buildActionMask = 2147483647;
			files = (
			);
			runOnlyForDeploymentPostprocessing = 0;
		};
/* End PBXResourcesBuildPhase section */

/* Begin PBXShellScriptBuildPhase section */
		0A4C2D45890DCEB542B42E0F /* [CP] Check Pods Manifest.lock */ = {
			isa = PBXShellScriptBuildPhase;
			buildActionMask = 2147483647;
			files = (
			);
			inputPaths = (
			);
			name = "[CP] Check Pods Manifest.lock";
			outputPaths = (
			);
			runOnlyForDeploymentPostprocessing = 0;
			shellPath = /bin/sh;
			shellScript = "diff \"${PODS_PODFILE_DIR_PATH}/Podfile.lock\" \"${PODS_ROOT}/Manifest.lock\" > /dev/null\nif [ $? != 0 ] ; then\n    # print error to STDERR\n    echo \"error: The sandbox is not in sync with the Podfile.lock. Run 'pod install' or update your CocoaPods installation.\" >&2\n    exit 1\nfi\n";
			showEnvVarsInLog = 0;
		};
		2910CBE0596AE9E9D05ABF77 /* [CP] Check Pods Manifest.lock */ = {
			isa = PBXShellScriptBuildPhase;
			buildActionMask = 2147483647;
			files = (
			);
			inputPaths = (
			);
			name = "[CP] Check Pods Manifest.lock";
			outputPaths = (
			);
			runOnlyForDeploymentPostprocessing = 0;
			shellPath = /bin/sh;
			shellScript = "diff \"${PODS_PODFILE_DIR_PATH}/Podfile.lock\" \"${PODS_ROOT}/Manifest.lock\" > /dev/null\nif [ $? != 0 ] ; then\n    # print error to STDERR\n    echo \"error: The sandbox is not in sync with the Podfile.lock. Run 'pod install' or update your CocoaPods installation.\" >&2\n    exit 1\nfi\n";
			showEnvVarsInLog = 0;
		};
		59171B40E4943ED0B6604D65 /* [CP] Embed Pods Frameworks */ = {
			isa = PBXShellScriptBuildPhase;
			buildActionMask = 2147483647;
			files = (
			);
			inputPaths = (
			);
			name = "[CP] Embed Pods Frameworks";
			outputPaths = (
			);
			runOnlyForDeploymentPostprocessing = 0;
			shellPath = /bin/sh;
			shellScript = "\"${SRCROOT}/Pods/Target Support Files/Pods-ideaHubTests/Pods-ideaHubTests-frameworks.sh\"\n";
			showEnvVarsInLog = 0;
		};
		A293AA9AD897688226A5F36D /* [CP] Copy Pods Resources */ = {
			isa = PBXShellScriptBuildPhase;
			buildActionMask = 2147483647;
			files = (
			);
			inputPaths = (
			);
			name = "[CP] Copy Pods Resources";
			outputPaths = (
			);
			runOnlyForDeploymentPostprocessing = 0;
			shellPath = /bin/sh;
			shellScript = "\"${SRCROOT}/Pods/Target Support Files/Pods-ideaHubTests/Pods-ideaHubTests-resources.sh\"\n";
			showEnvVarsInLog = 0;
		};
		A7D84CDE843293A6865944CA /* [CP] Copy Pods Resources */ = {
			isa = PBXShellScriptBuildPhase;
			buildActionMask = 2147483647;
			files = (
			);
			inputPaths = (
			);
			name = "[CP] Copy Pods Resources";
			outputPaths = (
			);
			runOnlyForDeploymentPostprocessing = 0;
			shellPath = /bin/sh;
			shellScript = "\"${SRCROOT}/Pods/Target Support Files/Pods-ideaHub/Pods-ideaHub-resources.sh\"\n";
			showEnvVarsInLog = 0;
		};
		B5B9D0D22468B30B319C93B9 /* [CP] Embed Pods Frameworks */ = {
			isa = PBXShellScriptBuildPhase;
			buildActionMask = 2147483647;
			files = (
			);
			inputPaths = (
			);
			name = "[CP] Embed Pods Frameworks";
			outputPaths = (
			);
			runOnlyForDeploymentPostprocessing = 0;
			shellPath = /bin/sh;
			shellScript = "\"${SRCROOT}/Pods/Target Support Files/Pods-ideaHub/Pods-ideaHub-frameworks.sh\"\n";
			showEnvVarsInLog = 0;
		};
/* End PBXShellScriptBuildPhase section */

/* Begin PBXSourcesBuildPhase section */
		CE9588021E62ECD60044EBB1 /* Sources */ = {
			isa = PBXSourcesBuildPhase;
			buildActionMask = 2147483647;
			files = (
				CED1487C1E810D2100225948 /* IdeaCell.swift in Sources */,
				CE7299631EAAF8640035BAFF /* UserViewController.swift in Sources */,
				CE34E2C61E8100FE00F4C774 /* Idea.swift in Sources */,
				CE95880A1E62ECD60044EBB1 /* AppDelegate.swift in Sources */,
				CEF17E751E9D36C500941A0F /* LoginViewController.swift in Sources */,
				CED148801E810FE400225948 /* HomeViewController.swift in Sources */,
			);
			runOnlyForDeploymentPostprocessing = 0;
		};
		CE9588181E62ECD70044EBB1 /* Sources */ = {
			isa = PBXSourcesBuildPhase;
			buildActionMask = 2147483647;
			files = (
				CE9588211E62ECD70044EBB1 /* ideaHubTests.swift in Sources */,
			);
			runOnlyForDeploymentPostprocessing = 0;
		};
/* End PBXSourcesBuildPhase section */

/* Begin PBXTargetDependency section */
		CE95881E1E62ECD70044EBB1 /* PBXTargetDependency */ = {
			isa = PBXTargetDependency;
			target = CE9588051E62ECD60044EBB1 /* ideaHub */;
			targetProxy = CE95881D1E62ECD70044EBB1 /* PBXContainerItemProxy */;
		};
/* End PBXTargetDependency section */

/* Begin PBXVariantGroup section */
		CE95880F1E62ECD60044EBB1 /* Main.storyboard */ = {
			isa = PBXVariantGroup;
			children = (
				CE9588101E62ECD60044EBB1 /* Base */,
			);
			name = Main.storyboard;
			sourceTree = "<group>";
		};
		CE9588141E62ECD60044EBB1 /* LaunchScreen.storyboard */ = {
			isa = PBXVariantGroup;
			children = (
				CE9588151E62ECD60044EBB1 /* Base */,
			);
			name = LaunchScreen.storyboard;
			sourceTree = "<group>";
		};
/* End PBXVariantGroup section */

/* Begin XCBuildConfiguration section */
		CE9588231E62ECD70044EBB1 /* Debug */ = {
			isa = XCBuildConfiguration;
			buildSettings = {
				ALWAYS_SEARCH_USER_PATHS = NO;
				CLANG_ANALYZER_NONNULL = YES;
				CLANG_CXX_LANGUAGE_STANDARD = "gnu++0x";
				CLANG_CXX_LIBRARY = "libc++";
				CLANG_ENABLE_MODULES = YES;
				CLANG_ENABLE_OBJC_ARC = YES;
				CLANG_WARN_BOOL_CONVERSION = YES;
				CLANG_WARN_CONSTANT_CONVERSION = YES;
				CLANG_WARN_DIRECT_OBJC_ISA_USAGE = YES_ERROR;
				CLANG_WARN_DOCUMENTATION_COMMENTS = YES;
				CLANG_WARN_EMPTY_BODY = YES;
				CLANG_WARN_ENUM_CONVERSION = YES;
				CLANG_WARN_INFINITE_RECURSION = YES;
				CLANG_WARN_INT_CONVERSION = YES;
				CLANG_WARN_OBJC_ROOT_CLASS = YES_ERROR;
				CLANG_WARN_SUSPICIOUS_MOVE = YES;
				CLANG_WARN_UNREACHABLE_CODE = YES;
				CLANG_WARN__DUPLICATE_METHOD_MATCH = YES;
				"CODE_SIGN_IDENTITY[sdk=iphoneos*]" = "iPhone Developer";
				COPY_PHASE_STRIP = NO;
				DEBUG_INFORMATION_FORMAT = dwarf;
				ENABLE_STRICT_OBJC_MSGSEND = YES;
				ENABLE_TESTABILITY = YES;
				GCC_C_LANGUAGE_STANDARD = gnu99;
				GCC_DYNAMIC_NO_PIC = NO;
				GCC_NO_COMMON_BLOCKS = YES;
				GCC_OPTIMIZATION_LEVEL = 0;
				GCC_PREPROCESSOR_DEFINITIONS = (
					"DEBUG=1",
					"$(inherited)",
				);
				GCC_WARN_64_TO_32_BIT_CONVERSION = YES;
				GCC_WARN_ABOUT_RETURN_TYPE = YES_ERROR;
				GCC_WARN_UNDECLARED_SELECTOR = YES;
				GCC_WARN_UNINITIALIZED_AUTOS = YES_AGGRESSIVE;
				GCC_WARN_UNUSED_FUNCTION = YES;
				GCC_WARN_UNUSED_VARIABLE = YES;
				IPHONEOS_DEPLOYMENT_TARGET = 10.2;
				MTL_ENABLE_DEBUG_INFO = YES;
				ONLY_ACTIVE_ARCH = YES;
				SDKROOT = iphoneos;
				SWIFT_ACTIVE_COMPILATION_CONDITIONS = DEBUG;
				SWIFT_OPTIMIZATION_LEVEL = "-Onone";
				TARGETED_DEVICE_FAMILY = "1,2";
			};
			name = Debug;
		};
		CE9588241E62ECD70044EBB1 /* Release */ = {
			isa = XCBuildConfiguration;
			buildSettings = {
				ALWAYS_SEARCH_USER_PATHS = NO;
				CLANG_ANALYZER_NONNULL = YES;
				CLANG_CXX_LANGUAGE_STANDARD = "gnu++0x";
				CLANG_CXX_LIBRARY = "libc++";
				CLANG_ENABLE_MODULES = YES;
				CLANG_ENABLE_OBJC_ARC = YES;
				CLANG_WARN_BOOL_CONVERSION = YES;
				CLANG_WARN_CONSTANT_CONVERSION = YES;
				CLANG_WARN_DIRECT_OBJC_ISA_USAGE = YES_ERROR;
				CLANG_WARN_DOCUMENTATION_COMMENTS = YES;
				CLANG_WARN_EMPTY_BODY = YES;
				CLANG_WARN_ENUM_CONVERSION = YES;
				CLANG_WARN_INFINITE_RECURSION = YES;
				CLANG_WARN_INT_CONVERSION = YES;
				CLANG_WARN_OBJC_ROOT_CLASS = YES_ERROR;
				CLANG_WARN_SUSPICIOUS_MOVE = YES;
				CLANG_WARN_UNREACHABLE_CODE = YES;
				CLANG_WARN__DUPLICATE_METHOD_MATCH = YES;
				"CODE_SIGN_IDENTITY[sdk=iphoneos*]" = "iPhone Developer";
				COPY_PHASE_STRIP = NO;
				DEBUG_INFORMATION_FORMAT = "dwarf-with-dsym";
				ENABLE_NS_ASSERTIONS = NO;
				ENABLE_STRICT_OBJC_MSGSEND = YES;
				GCC_C_LANGUAGE_STANDARD = gnu99;
				GCC_NO_COMMON_BLOCKS = YES;
				GCC_WARN_64_TO_32_BIT_CONVERSION = YES;
				GCC_WARN_ABOUT_RETURN_TYPE = YES_ERROR;
				GCC_WARN_UNDECLARED_SELECTOR = YES;
				GCC_WARN_UNINITIALIZED_AUTOS = YES_AGGRESSIVE;
				GCC_WARN_UNUSED_FUNCTION = YES;
				GCC_WARN_UNUSED_VARIABLE = YES;
				IPHONEOS_DEPLOYMENT_TARGET = 10.2;
				MTL_ENABLE_DEBUG_INFO = NO;
				SDKROOT = iphoneos;
				SWIFT_OPTIMIZATION_LEVEL = "-Owholemodule";
				TARGETED_DEVICE_FAMILY = "1,2";
				VALIDATE_PRODUCT = YES;
			};
			name = Release;
		};
		CE9588261E62ECD70044EBB1 /* Debug */ = {
			isa = XCBuildConfiguration;
			baseConfigurationReference = 04F73A0EB1BE5A1873B5544D /* Pods-ideaHub.debug.xcconfig */;
			buildSettings = {
				ASSETCATALOG_COMPILER_APPICON_NAME = AppIcon;
				"CODE_SIGN_IDENTITY[sdk=iphoneos*]" = "iPhone Developer";
				DEVELOPMENT_TEAM = 83F39AXN54;
				INFOPLIST_FILE = ideaHub/Info.plist;
				IPHONEOS_DEPLOYMENT_TARGET = 9.3;
				LD_RUNPATH_SEARCH_PATHS = "$(inherited) @executable_path/Frameworks";
				PRODUCT_BUNDLE_IDENTIFIER = com.SJSU.ideasHub;
				PRODUCT_NAME = "$(TARGET_NAME)";
				SWIFT_VERSION = 3.0;
			};
			name = Debug;
		};
		CE9588271E62ECD70044EBB1 /* Release */ = {
			isa = XCBuildConfiguration;
			baseConfigurationReference = CFC3E6B38CF49CDFA00D6D52 /* Pods-ideaHub.release.xcconfig */;
			buildSettings = {
				ASSETCATALOG_COMPILER_APPICON_NAME = AppIcon;
				"CODE_SIGN_IDENTITY[sdk=iphoneos*]" = "iPhone Developer";
				DEVELOPMENT_TEAM = 83F39AXN54;
				INFOPLIST_FILE = ideaHub/Info.plist;
				IPHONEOS_DEPLOYMENT_TARGET = 9.3;
				LD_RUNPATH_SEARCH_PATHS = "$(inherited) @executable_path/Frameworks";
				PRODUCT_BUNDLE_IDENTIFIER = com.SJSU.ideasHub;
				PRODUCT_NAME = "$(TARGET_NAME)";
				SWIFT_VERSION = 3.0;
			};
			name = Release;
		};
		CE9588291E62ECD70044EBB1 /* Debug */ = {
			isa = XCBuildConfiguration;
			baseConfigurationReference = 31E1677DE3E0521645B060F7 /* Pods-ideaHubTests.debug.xcconfig */;
			buildSettings = {
				ALWAYS_EMBED_SWIFT_STANDARD_LIBRARIES = YES;
				BUNDLE_LOADER = "$(TEST_HOST)";
				DEVELOPMENT_TEAM = 83F39AXN54;
				INFOPLIST_FILE = ideaHubTests/Info.plist;
				LD_RUNPATH_SEARCH_PATHS = "$(inherited) @executable_path/Frameworks @loader_path/Frameworks";
				PRODUCT_BUNDLE_IDENTIFIER = com.SJSU.ideaHubTests;
				PRODUCT_NAME = "$(TARGET_NAME)";
				SWIFT_VERSION = 3.0;
				TEST_HOST = "$(BUILT_PRODUCTS_DIR)/ideaHub.app/ideaHub";
			};
			name = Debug;
		};
		CE95882A1E62ECD70044EBB1 /* Release */ = {
			isa = XCBuildConfiguration;
			baseConfigurationReference = B5AC3F9699E5B44B3EA60898 /* Pods-ideaHubTests.release.xcconfig */;
			buildSettings = {
				ALWAYS_EMBED_SWIFT_STANDARD_LIBRARIES = YES;
				BUNDLE_LOADER = "$(TEST_HOST)";
				DEVELOPMENT_TEAM = 83F39AXN54;
				INFOPLIST_FILE = ideaHubTests/Info.plist;
				LD_RUNPATH_SEARCH_PATHS = "$(inherited) @executable_path/Frameworks @loader_path/Frameworks";
				PRODUCT_BUNDLE_IDENTIFIER = com.SJSU.ideaHubTests;
				PRODUCT_NAME = "$(TARGET_NAME)";
				SWIFT_VERSION = 3.0;
				TEST_HOST = "$(BUILT_PRODUCTS_DIR)/ideaHub.app/ideaHub";
			};
			name = Release;
		};
/* End XCBuildConfiguration section */

/* Begin XCConfigurationList section */
		CE9588011E62ECD60044EBB1 /* Build configuration list for PBXProject "ideaHub" */ = {
			isa = XCConfigurationList;
			buildConfigurations = (
				CE9588231E62ECD70044EBB1 /* Debug */,
				CE9588241E62ECD70044EBB1 /* Release */,
			);
			defaultConfigurationIsVisible = 0;
			defaultConfigurationName = Release;
		};
		CE9588251E62ECD70044EBB1 /* Build configuration list for PBXNativeTarget "ideaHub" */ = {
			isa = XCConfigurationList;
			buildConfigurations = (
				CE9588261E62ECD70044EBB1 /* Debug */,
				CE9588271E62ECD70044EBB1 /* Release */,
			);
			defaultConfigurationIsVisible = 0;
			defaultConfigurationName = Release;
		};
		CE9588281E62ECD70044EBB1 /* Build configuration list for PBXNativeTarget "ideaHubTests" */ = {
			isa = XCConfigurationList;
			buildConfigurations = (
				CE9588291E62ECD70044EBB1 /* Debug */,
				CE95882A1E62ECD70044EBB1 /* Release */,
			);
			defaultConfigurationIsVisible = 0;
			defaultConfigurationName = Release;
		};
/* End XCConfigurationList section */
	};
	rootObject = CE9587FE1E62ECD60044EBB1 /* Project object */;
}
